
Microsoft Visual Studio Solution File, Format Version 12.00
# Visual Studio Version 16
VisualStudioVersion = 16.0.32413.511
MinimumVisualStudioVersion = 10.0.40219.1
Project("{FAE04EC0-301F-11D3-BF4B-00C04F79EFBC}") = "Merge k Sorted Lists", "Merge k Sorted Lists\Merge k Sorted Lists.csproj", "{4DDE85C9-5FCA-493C-A219-E6AE1D5A9466}"
EndProject
Global
	GlobalSection(SolutionConfigurationPlatforms) = preSolution
		Debug|Any CPU = Debug|Any CPU
		Release|Any CPU = Release|Any CPU
	EndGlobalSection
	GlobalSection(ProjectConfigurationPlatforms) = postSolution
		{4DDE85C9-5FCA-493C-A219-E6AE1D5A9466}.Debug|Any CPU.ActiveCfg = Debug|Any CPU
		{4DDE85C9-5FCA-493C-A219-E6AE1D5A9466}.Debug|Any CPU.Build.0 = Debug|Any CPU
		{4DDE85C9-5FCA-493C-A219-E6AE1D5A9466}.Release|Any CPU.ActiveCfg = Release|Any CPU
		{4DDE85C9-5FCA-493C-A219-E6AE1D5A9466}.Release|Any CPU.Build.0 = Release|Any CPU
	EndGlobalSection
	GlobalSection(SolutionProperties) = preSolution
		HideSolutionNode = FALSE
	EndGlobalSection
	GlobalSection(ExtensibilityGlobals) = postSolution
		SolutionGuid = {BCFAB548-06F3-42C4-84F3-D9CF92A79EBD}
	EndGlobalSection
EndGlobal
